<?xml version="1.0" encoding="utf-8"?>
<Project ToolsVersion="4.0" xmlns="http://schemas.microsoft.com/developer/msbuild/2003">
  <ItemGroup>
    <Filter Include="Source Files">
      <UniqueIdentifier>{4FC737F1-C7A5-4376-A066-2A32D752A2FF}</UniqueIdentifier>
      <Extensions>cpp;c;cc;cxx;c++;cppm;ixx;def;odl;idl;hpj;bat;asm;asmx</Extensions>
    </Filter>
    <Filter Include="Header Files">
      <UniqueIdentifier>{93995380-89BD-4b04-88EB-625FBE52EBFB}</UniqueIdentifier>
      <Extensions>h;hh;hpp;hxx;h++;hm;inl;inc;ipp;xsd</Extensions>
    </Filter>
    <Filter Include="Resource Files">
      <UniqueIdentifier>{67DA6AB6-F800-4c08-8B7A-83BB121AAD01}</UniqueIdentifier>
      <Extensions>rc;ico;cur;bmp;dlg;rc2;rct;bin;rgs;gif;jpg;jpeg;jpe;resx;tiff;tif;png;wav;mfcribbon-ms</Extensions>
    </Filter>
    <Filter Include="Header Files\utils">
      <UniqueIdentifier>{0db3e395-2b9d-4e37-b664-b80851594a11}</UniqueIdentifier>
    </Filter>
    <Filter Include="Header Files\hack">
      <UniqueIdentifier>{00d002c4-edff-450e-8c24-674e46c9221f}</UniqueIdentifier>
    </Filter>
    <Filter Include="Source Files\hack">
      <UniqueIdentifier>{82e05f76-1232-46f0-81e9-950bda6f86ae}</UniqueIdentifier>
    </Filter>
    <Filter Include="Source Files\utils">
      <UniqueIdentifier>{122ec321-5334-4db7-97ce-329ff62d5d58}</UniqueIdentifier>
    </Filter>
    <Filter Include="Header Files\terraria">
      <UniqueIdentifier>{99b5e297-c4b5-45a6-9d72-7eb99838ee61}</UniqueIdentifier>
    </Filter>
    <Filter Include="Source Files\terraria">
      <UniqueIdentifier>{b37be4e4-99c4-4ecc-a853-575920d29a89}</UniqueIdentifier>
    </Filter>
    <Filter Include="ImGui">
      <UniqueIdentifier>{5dcbbcef-f5a9-4c0c-bcd7-8fba06609a51}</UniqueIdentifier>
    </Filter>
  </ItemGroup>
  <ItemGroup>
    <ClInclude Include="globals.h">
      <Filter>Header Files</Filter>
    </ClInclude>
    <ClInclude Include="includes.h">
      <Filter>Header Files</Filter>
    </ClInclude>
    <ClInclude Include="utils.h">
      <Filter>Header Files\utils</Filter>
    </ClInclude>
    <ClInclude Include="quant_decrease.h">
      <Filter>Header Files\hack</Filter>
    </ClInclude>
    <ClInclude Include="ez_nop.h">
      <Filter>Header Files\utils</Filter>
    </ClInclude>
    <ClInclude Include="ez_hacks.h">
      <Filter>Header Files\hack</Filter>
    </ClInclude>
    <ClInclude Include="player.h">
      <Filter>Header Files\terraria</Filter>
    </ClInclude>
    <ClInclude Include="terraria.h">
      <Filter>Header Files\terraria</Filter>
    </ClInclude>
    <ClInclude Include="ImGui\imconfig.h">
      <Filter>ImGui</Filter>
    </ClInclude>
    <ClInclude Include="ImGui\imgui.h">
      <Filter>ImGui</Filter>
    </ClInclude>
    <ClInclude Include="ImGui\imgui_impl_dx9.h">
      <Filter>ImGui</Filter>
    </ClInclude>
    <ClInclude Include="ImGui\imgui_impl_win32.h">
      <Filter>ImGui</Filter>
    </ClInclude>
    <ClInclude Include="ImGui\imgui_internal.h">
      <Filter>ImGui</Filter>
    </ClInclude>
    <ClInclude Include="ImGui\imstb_rectpack.h">
      <Filter>ImGui</Filter>
    </ClInclude>
    <ClInclude Include="ImGui\imstb_textedit.h">
      <Filter>ImGui</Filter>
    </ClInclude>
    <ClInclude Include="ImGui\imstb_truetype.h">
      <Filter>ImGui</Filter>
    </ClInclude>
  </ItemGroup>
  <ItemGroup>
    <ClCompile Include="dllmain.cpp">
      <Filter>Source Files</Filter>
    </ClCompile>
    <ClCompile Include="globals.cpp">
      <Filter>Source Files</Filter>
    </ClCompile>
    <ClCompile Include="no_hurt.cpp">
      <Filter>Source Files\hack</Filter>
    </ClCompile>
    <ClCompile Include="quant_decrease.cpp">
      <Filter>Source Files\hack</Filter>
    </ClCompile>
    <ClCompile Include="ez_hacks.cpp">
      <Filter>Source Files\hack</Filter>
    </ClCompile>
    <ClCompile Include="ez_nop.cpp">
      <Filter>Source Files\utils</Filter>
    </ClCompile>
    <ClCompile Include="localplayer.cpp">
      <Filter>Source Files\terraria</Filter>
    </ClCompile>
    <ClCompile Include="ImGui\imgui.cpp">
      <Filter>ImGui</Filter>
    </ClCompile>
    <ClCompile Include="ImGui\imgui_demo.cpp">
      <Filter>ImGui</Filter>
    </ClCompile>
    <ClCompile Include="ImGui\imgui_draw.cpp">
      <Filter>ImGui</Filter>
    </ClCompile>
    <ClCompile Include="ImGui\imgui_impl_dx9.cpp">
      <Filter>ImGui</Filter>
    </ClCompile>
    <ClCompile Include="ImGui\imgui_impl_win32.cpp">
      <Filter>ImGui</Filter>
    </ClCompile>
    <ClCompile Include="ImGui\imgui_tables.cpp">
      <Filter>ImGui</Filter>
    </ClCompile>
    <ClCompile Include="ImGui\imgui_widgets.cpp">
      <Filter>ImGui</Filter>
    </ClCompile>
  </ItemGroup>
</Project>